
Microsoft Visual Studio Solution File, Format Version 12.00
# Visual Studio Version 17
VisualStudioVersion = 17.12.35707.178 d17.12
MinimumVisualStudioVersion = 10.0.40219.1
Project("{FAE04EC0-301F-11D3-BF4B-00C04F79EFBC}") = "EasySaveV2.0", "EasySaveV2.0\EasySaveV2.0.csproj", "{356260E1-B1A7-4EA9-9662-85629C59604A}"
EndProject
Project("{FAE04EC0-301F-11D3-BF4B-00C04F79EFBC}") = "BackupLogger", "..\BackupLogger\BackupLogger.csproj", "{803ED5E9-F642-4C01-9250-96E658A48A32}"
EndProject
Project("{FAE04EC0-301F-11D3-BF4B-00C04F79EFBC}") = "EasySaveV1", "..\EasySaveV1\EasySaveV1.csproj", "{67EEC851-3B7E-4226-9145-FB204E7281A4}"
EndProject
Global
	GlobalSection(SolutionConfigurationPlatforms) = preSolution
		Debug|Any CPU = Debug|Any CPU
		Release|Any CPU = Release|Any CPU
	EndGlobalSection
	GlobalSection(ProjectConfigurationPlatforms) = postSolution
		{356260E1-B1A7-4EA9-9662-85629C59604A}.Debug|Any CPU.ActiveCfg = Debug|Any CPU
		{356260E1-B1A7-4EA9-9662-85629C59604A}.Debug|Any CPU.Build.0 = Debug|Any CPU
		{356260E1-B1A7-4EA9-9662-85629C59604A}.Release|Any CPU.ActiveCfg = Release|Any CPU
		{356260E1-B1A7-4EA9-9662-85629C59604A}.Release|Any CPU.Build.0 = Release|Any CPU
		{803ED5E9-F642-4C01-9250-96E658A48A32}.Debug|Any CPU.ActiveCfg = Debug|Any CPU
		{803ED5E9-F642-4C01-9250-96E658A48A32}.Debug|Any CPU.Build.0 = Debug|Any CPU
		{803ED5E9-F642-4C01-9250-96E658A48A32}.Release|Any CPU.ActiveCfg = Release|Any CPU
		{803ED5E9-F642-4C01-9250-96E658A48A32}.Release|Any CPU.Build.0 = Release|Any CPU
		{67EEC851-3B7E-4226-9145-FB204E7281A4}.Debug|Any CPU.ActiveCfg = Debug|Any CPU
		{67EEC851-3B7E-4226-9145-FB204E7281A4}.Debug|Any CPU.Build.0 = Debug|Any CPU
		{67EEC851-3B7E-4226-9145-FB204E7281A4}.Release|Any CPU.ActiveCfg = Release|Any CPU
		{67EEC851-3B7E-4226-9145-FB204E7281A4}.Release|Any CPU.Build.0 = Release|Any CPU
	EndGlobalSection
	GlobalSection(SolutionProperties) = preSolution
		HideSolutionNode = FALSE
	EndGlobalSection
EndGlobal
