
Microsoft Visual Studio Solution File, Format Version 12.00
# Visual Studio Version 17
VisualStudioVersion = 17.12.35728.132
MinimumVisualStudioVersion = 10.0.40219.1
Project("{FAE04EC0-301F-11D3-BF4B-00C04F79EFBC}") = "EasySaveV2", "EasySaveV2.csproj", "{46FF9BD8-9904-43D8-B7BC-99072849FDA2}"
EndProject
Project("{FAE04EC0-301F-11D3-BF4B-00C04F79EFBC}") = "EasySaveV1", "..\EasySaveV1\EasySaveV1.csproj", "{5D8C2E48-C7D5-4CD6-823A-505F647FBC7D}"
EndProject
Project("{FAE04EC0-301F-11D3-BF4B-00C04F79EFBC}") = "BackupLogger", "..\BackupLogger\BackupLogger.csproj", "{F8386B17-30A1-4794-95FA-58CA80C0D5EF}"
EndProject
Project("{FAE04EC0-301F-11D3-BF4B-00C04F79EFBC}") = "CryptoSoftApp", "..\CryptoSoftApp\CryptoSoftApp.csproj", "{74DAF7CD-8486-4D84-AD3C-5B31FCA42773}"
EndProject
Global
	GlobalSection(SolutionConfigurationPlatforms) = preSolution
		Debug|Any CPU = Debug|Any CPU
		Release|Any CPU = Release|Any CPU
	EndGlobalSection
	GlobalSection(ProjectConfigurationPlatforms) = postSolution
		{46FF9BD8-9904-43D8-B7BC-99072849FDA2}.Debug|Any CPU.ActiveCfg = Debug|Any CPU
		{46FF9BD8-9904-43D8-B7BC-99072849FDA2}.Debug|Any CPU.Build.0 = Debug|Any CPU
		{46FF9BD8-9904-43D8-B7BC-99072849FDA2}.Release|Any CPU.ActiveCfg = Release|Any CPU
		{46FF9BD8-9904-43D8-B7BC-99072849FDA2}.Release|Any CPU.Build.0 = Release|Any CPU
		{5D8C2E48-C7D5-4CD6-823A-505F647FBC7D}.Debug|Any CPU.ActiveCfg = Debug|Any CPU
		{5D8C2E48-C7D5-4CD6-823A-505F647FBC7D}.Debug|Any CPU.Build.0 = Debug|Any CPU
		{5D8C2E48-C7D5-4CD6-823A-505F647FBC7D}.Release|Any CPU.ActiveCfg = Release|Any CPU
		{5D8C2E48-C7D5-4CD6-823A-505F647FBC7D}.Release|Any CPU.Build.0 = Release|Any CPU
		{F8386B17-30A1-4794-95FA-58CA80C0D5EF}.Debug|Any CPU.ActiveCfg = Debug|Any CPU
		{F8386B17-30A1-4794-95FA-58CA80C0D5EF}.Debug|Any CPU.Build.0 = Debug|Any CPU
		{F8386B17-30A1-4794-95FA-58CA80C0D5EF}.Release|Any CPU.ActiveCfg = Release|Any CPU
		{F8386B17-30A1-4794-95FA-58CA80C0D5EF}.Release|Any CPU.Build.0 = Release|Any CPU
		{74DAF7CD-8486-4D84-AD3C-5B31FCA42773}.Debug|Any CPU.ActiveCfg = Debug|Any CPU
		{74DAF7CD-8486-4D84-AD3C-5B31FCA42773}.Debug|Any CPU.Build.0 = Debug|Any CPU
		{74DAF7CD-8486-4D84-AD3C-5B31FCA42773}.Release|Any CPU.ActiveCfg = Release|Any CPU
		{74DAF7CD-8486-4D84-AD3C-5B31FCA42773}.Release|Any CPU.Build.0 = Release|Any CPU
	EndGlobalSection
	GlobalSection(SolutionProperties) = preSolution
		HideSolutionNode = FALSE
	EndGlobalSection
EndGlobal
